// !$*UTF8*$!
{
	archiveVersion = 1;
	classes = {
	};
	objectVersion = 55;
	objects = {

/* Begin PBXBuildFile section */
		8D0E50462D4BD2C1B062D03F /* Pods_FullScreenCamera_self.framework in Frameworks */ = {isa = PBXBuildFile; fileRef = 17BD8C64C37A91A535A5B983 /* Pods_FullScreenCamera_self.framework */; };
		98CFB25F27A82CEA00D4437F /* AppDelegate.swift in Sources */ = {isa = PBXBuildFile; fileRef = 98CFB25E27A82CEA00D4437F /* AppDelegate.swift */; };
		98CFB26127A82CEA00D4437F /* SceneDelegate.swift in Sources */ = {isa = PBXBuildFile; fileRef = 98CFB26027A82CEA00D4437F /* SceneDelegate.swift */; };
		98CFB26627A82CEA00D4437F /* Main.storyboard in Resources */ = {isa = PBXBuildFile; fileRef = 98CFB26427A82CEA00D4437F /* Main.storyboard */; };
		98CFB26827A82CEC00D4437F /* Assets.xcassets in Resources */ = {isa = PBXBuildFile; fileRef = 98CFB26727A82CEC00D4437F /* Assets.xcassets */; };
		98CFB26B27A82CEC00D4437F /* LaunchScreen.storyboard in Resources */ = {isa = PBXBuildFile; fileRef = 98CFB26927A82CEC00D4437F /* LaunchScreen.storyboard */; };
		98CFB27327A82D3B00D4437F /* CameraViewController.swift in Sources */ = {isa = PBXBuildFile; fileRef = 98CFB27227A82D3B00D4437F /* CameraViewController.swift */; };
		98CFB27527A82D6500D4437F /* PreviewView.swift in Sources */ = {isa = PBXBuildFile; fileRef = 98CFB27427A82D6500D4437F /* PreviewView.swift */; };
/* End PBXBuildFile section */

/* Begin PBXFileReference section */
		1274E4A1A53AF0A225DD847D /* Pods-FullScreenCamera_self.debug.xcconfig */ = {isa = PBXFileReference; includeInIndex = 1; lastKnownFileType = text.xcconfig; name = "Pods-FullScreenCamera_self.debug.xcconfig"; path = "Target Support Files/Pods-FullScreenCamera_self/Pods-FullScreenCamera_self.debug.xcconfig"; sourceTree = "<group>"; };
		17BD8C64C37A91A535A5B983 /* Pods_FullScreenCamera_self.framework */ = {isa = PBXFileReference; explicitFileType = wrapper.framework; includeInIndex = 0; path = Pods_FullScreenCamera_self.framework; sourceTree = BUILT_PRODUCTS_DIR; };
		2A55EC03C1760877CCE72628 /* Pods-FullScreenCamera_self.release.xcconfig */ = {isa = PBXFileReference; includeInIndex = 1; lastKnownFileType = text.xcconfig; name = "Pods-FullScreenCamera_self.release.xcconfig"; path = "Target Support Files/Pods-FullScreenCamera_self/Pods-FullScreenCamera_self.release.xcconfig"; sourceTree = "<group>"; };
		98CFB25B27A82CEA00D4437F /* FullScreenCamera_self.app */ = {isa = PBXFileReference; explicitFileType = wrapper.application; includeInIndex = 0; path = FullScreenCamera_self.app; sourceTree = BUILT_PRODUCTS_DIR; };
		98CFB25E27A82CEA00D4437F /* AppDelegate.swift */ = {isa = PBXFileReference; lastKnownFileType = sourcecode.swift; path = AppDelegate.swift; sourceTree = "<group>"; };
		98CFB26027A82CEA00D4437F /* SceneDelegate.swift */ = {isa = PBXFileReference; lastKnownFileType = sourcecode.swift; path = SceneDelegate.swift; sourceTree = "<group>"; };
		98CFB26527A82CEA00D4437F /* Base */ = {isa = PBXFileReference; lastKnownFileType = file.storyboard; name = Base; path = Base.lproj/Main.storyboard; sourceTree = "<group>"; };
		98CFB26727A82CEC00D4437F /* Assets.xcassets */ = {isa = PBXFileReference; lastKnownFileType = folder.assetcatalog; path = Assets.xcassets; sourceTree = "<group>"; };
		98CFB26A27A82CEC00D4437F /* Base */ = {isa = PBXFileReference; lastKnownFileType = file.storyboard; name = Base; path = Base.lproj/LaunchScreen.storyboard; sourceTree = "<group>"; };
		98CFB26C27A82CEC00D4437F /* Info.plist */ = {isa = PBXFileReference; lastKnownFileType = text.plist.xml; path = Info.plist; sourceTree = "<group>"; };
		98CFB27227A82D3B00D4437F /* CameraViewController.swift */ = {isa = PBXFileReference; lastKnownFileType = sourcecode.swift; path = CameraViewController.swift; sourceTree = "<group>"; };
		98CFB27427A82D6500D4437F /* PreviewView.swift */ = {isa = PBXFileReference; lastKnownFileType = sourcecode.swift; path = PreviewView.swift; sourceTree = "<group>"; };
/* End PBXFileReference section */

/* Begin PBXFrameworksBuildPhase section */
		98CFB25827A82CEA00D4437F /* Frameworks */ = {
			isa = PBXFrameworksBuildPhase;
			buildActionMask = 2147483647;
			files = (
				8D0E50462D4BD2C1B062D03F /* Pods_FullScreenCamera_self.framework in Frameworks */,
			);
			runOnlyForDeploymentPostprocessing = 0;
		};
/* End PBXFrameworksBuildPhase section */

/* Begin PBXGroup section */
		17F9E2156866A3F9A2C49A7B /* Frameworks */ = {
			isa = PBXGroup;
			children = (
				17BD8C64C37A91A535A5B983 /* Pods_FullScreenCamera_self.framework */,
			);
			name = Frameworks;
			sourceTree = "<group>";
		};
		98CFB25227A82CEA00D4437F = {
			isa = PBXGroup;
			children = (
				98CFB25D27A82CEA00D4437F /* FullScreenCamera_self */,
				98CFB25C27A82CEA00D4437F /* Products */,
				E02C29D9E33990DC7664011B /* Pods */,
				17F9E2156866A3F9A2C49A7B /* Frameworks */,
			);
			sourceTree = "<group>";
		};
		98CFB25C27A82CEA00D4437F /* Products */ = {
			isa = PBXGroup;
			children = (
				98CFB25B27A82CEA00D4437F /* FullScreenCamera_self.app */,
			);
			name = Products;
			sourceTree = "<group>";
		};
		98CFB25D27A82CEA00D4437F /* FullScreenCamera_self */ = {
			isa = PBXGroup;
			children = (
				98CFB25E27A82CEA00D4437F /* AppDelegate.swift */,
				98CFB26027A82CEA00D4437F /* SceneDelegate.swift */,
				98CFB26427A82CEA00D4437F /* Main.storyboard */,
				98CFB27227A82D3B00D4437F /* CameraViewController.swift */,
				98CFB27427A82D6500D4437F /* PreviewView.swift */,
				98CFB26727A82CEC00D4437F /* Assets.xcassets */,
				98CFB26927A82CEC00D4437F /* LaunchScreen.storyboard */,
				98CFB26C27A82CEC00D4437F /* Info.plist */,
			);
			path = FullScreenCamera_self;
			sourceTree = "<group>";
		};
		E02C29D9E33990DC7664011B /* Pods */ = {
			isa = PBXGroup;
			children = (
				1274E4A1A53AF0A225DD847D /* Pods-FullScreenCamera_self.debug.xcconfig */,
				2A55EC03C1760877CCE72628 /* Pods-FullScreenCamera_self.release.xcconfig */,
			);
			name = Pods;
			path = Pods;
			sourceTree = "<group>";
		};
/* End PBXGroup section */

/* Begin PBXNativeTarget section */
		98CFB25A27A82CEA00D4437F /* FullScreenCamera_self */ = {
			isa = PBXNativeTarget;
			buildConfigurationList = 98CFB26F27A82CEC00D4437F /* Build configuration list for PBXNativeTarget "FullScreenCamera_self" */;
			buildPhases = (
				4B2BF8660E8E24BFE7C9EE2E /* [CP] Check Pods Manifest.lock */,
				98CFB25727A82CEA00D4437F /* Sources */,
				98CFB25827A82CEA00D4437F /* Frameworks */,
				98CFB25927A82CEA00D4437F /* Resources */,
				431BFCFC42CEDC2CE4693C07 /* [CP] Embed Pods Frameworks */,
			);
			buildRules = (
			);
			dependencies = (
			);
			name = FullScreenCamera_self;
			productName = FullScreenCamera_self;
			productReference = 98CFB25B27A82CEA00D4437F /* FullScreenCamera_self.app */;
			productType = "com.apple.product-type.application";
		};
/* End PBXNativeTarget section */

/* Begin PBXProject section */
		98CFB25327A82CEA00D4437F /* Project object */ = {
			isa = PBXProject;
			attributes = {
				BuildIndependentTargetsInParallel = 1;
				LastSwiftUpdateCheck = 1320;
				LastUpgradeCheck = 1320;
				TargetAttributes = {
					98CFB25A27A82CEA00D4437F = {
						CreatedOnToolsVersion = 13.2.1;
					};
				};
			};
			buildConfigurationList = 98CFB25627A82CEA00D4437F /* Build configuration list for PBXProject "FullScreenCamera_self" */;
			compatibilityVersion = "Xcode 13.0";
			developmentRegion = en;
			hasScannedForEncodings = 0;
			knownRegions = (
				en,
				Base,
			);
			mainGroup = 98CFB25227A82CEA00D4437F;
			productRefGroup = 98CFB25C27A82CEA00D4437F /* Products */;
			projectDirPath = "";
			projectRoot = "";
			targets = (
				98CFB25A27A82CEA00D4437F /* FullScreenCamera_self */,
			);
		};
/* End PBXProject section */

/* Begin PBXResourcesBuildPhase section */
		98CFB25927A82CEA00D4437F /* Resources */ = {
			isa = PBXResourcesBuildPhase;
			buildActionMask = 2147483647;
			files = (
				98CFB26B27A82CEC00D4437F /* LaunchScreen.storyboard in Resources */,
				98CFB26827A82CEC00D4437F /* Assets.xcassets in Resources */,
				98CFB26627A82CEA00D4437F /* Main.storyboard in Resources */,
			);
			runOnlyForDeploymentPostprocessing = 0;
		};
/* End PBXResourcesBuildPhase section */

/* Begin PBXShellScriptBuildPhase section */
		431BFCFC42CEDC2CE4693C07 /* [CP] Embed Pods Frameworks */ = {
			isa = PBXShellScriptBuildPhase;
			buildActionMask = 2147483647;
			files = (
			);
			inputFileListPaths = (
				"${PODS_ROOT}/Target Support Files/Pods-FullScreenCamera_self/Pods-FullScreenCamera_self-frameworks-${CONFIGURATION}-input-files.xcfilelist",
			);
			name = "[CP] Embed Pods Frameworks";
			outputFileListPaths = (
				"${PODS_ROOT}/Target Support Files/Pods-FullScreenCamera_self/Pods-FullScreenCamera_self-frameworks-${CONFIGURATION}-output-files.xcfilelist",
			);
			runOnlyForDeploymentPostprocessing = 0;
			shellPath = /bin/sh;
			shellScript = "\"${PODS_ROOT}/Target Support Files/Pods-FullScreenCamera_self/Pods-FullScreenCamera_self-frameworks.sh\"\n";
			showEnvVarsInLog = 0;
		};
		4B2BF8660E8E24BFE7C9EE2E /* [CP] Check Pods Manifest.lock */ = {
			isa = PBXShellScriptBuildPhase;
			buildActionMask = 2147483647;
			files = (
			);
			inputFileListPaths = (
			);
			inputPaths = (
				"${PODS_PODFILE_DIR_PATH}/Podfile.lock",
				"${PODS_ROOT}/Manifest.lock",
			);
			name = "[CP] Check Pods Manifest.lock";
			outputFileListPaths = (
			);
			outputPaths = (
				"$(DERIVED_FILE_DIR)/Pods-FullScreenCamera_self-checkManifestLockResult.txt",
			);
			runOnlyForDeploymentPostprocessing = 0;
			shellPath = /bin/sh;
			shellScript = "diff \"${PODS_PODFILE_DIR_PATH}/Podfile.lock\" \"${PODS_ROOT}/Manifest.lock\" > /dev/null\nif [ $? != 0 ] ; then\n    # print error to STDERR\n    echo \"error: The sandbox is not in sync with the Podfile.lock. Run 'pod install' or update your CocoaPods installation.\" >&2\n    exit 1\nfi\n# This output is used by Xcode 'outputs' to avoid re-running this script phase.\necho \"SUCCESS\" > \"${SCRIPT_OUTPUT_FILE_0}\"\n";
			showEnvVarsInLog = 0;
		};
/* End PBXShellScriptBuildPhase section */

/* Begin PBXSourcesBuildPhase section */
		98CFB25727A82CEA00D4437F /* Sources */ = {
			isa = PBXSourcesBuildPhase;
			buildActionMask = 2147483647;
			files = (
				98CFB25F27A82CEA00D4437F /* AppDelegate.swift in Sources */,
				98CFB27527A82D6500D4437F /* PreviewView.swift in Sources */,
				98CFB26127A82CEA00D4437F /* SceneDelegate.swift in Sources */,
				98CFB27327A82D3B00D4437F /* CameraViewController.swift in Sources */,
			);
			runOnlyForDeploymentPostprocessing = 0;
		};
/* End PBXSourcesBuildPhase section */

/* Begin PBXVariantGroup section */
		98CFB26427A82CEA00D4437F /* Main.storyboard */ = {
			isa = PBXVariantGroup;
			children = (
				98CFB26527A82CEA00D4437F /* Base */,
			);
			name = Main.storyboard;
			sourceTree = "<group>";
		};
		98CFB26927A82CEC00D4437F /* LaunchScreen.storyboard */ = {
			isa = PBXVariantGroup;
			children = (
				98CFB26A27A82CEC00D4437F /* Base */,
			);
			name = LaunchScreen.storyboard;
			sourceTree = "<group>";
		};
/* End PBXVariantGroup section */

/* Begin XCBuildConfiguration section */
		98CFB26D27A82CEC00D4437F /* Debug */ = {
			isa = XCBuildConfiguration;
			buildSettings = {
				ALWAYS_SEARCH_USER_PATHS = NO;
				CLANG_ANALYZER_NONNULL = YES;
				CLANG_ANALYZER_NUMBER_OBJECT_CONVERSION = YES_AGGRESSIVE;
				CLANG_CXX_LANGUAGE_STANDARD = "gnu++17";
				CLANG_CXX_LIBRARY = "libc++";
				CLANG_ENABLE_MODULES = YES;
				CLANG_ENABLE_OBJC_ARC = YES;
				CLANG_ENABLE_OBJC_WEAK = YES;
				CLANG_WARN_BLOCK_CAPTURE_AUTORELEASING = YES;
				CLANG_WARN_BOOL_CONVERSION = YES;
				CLANG_WARN_COMMA = YES;
				CLANG_WARN_CONSTANT_CONVERSION = YES;
				CLANG_WARN_DEPRECATED_OBJC_IMPLEMENTATIONS = YES;
				CLANG_WARN_DIRECT_OBJC_ISA_USAGE = YES_ERROR;
				CLANG_WARN_DOCUMENTATION_COMMENTS = YES;
				CLANG_WARN_EMPTY_BODY = YES;
				CLANG_WARN_ENUM_CONVERSION = YES;
				CLANG_WARN_INFINITE_RECURSION = YES;
				CLANG_WARN_INT_CONVERSION = YES;
				CLANG_WARN_NON_LITERAL_NULL_CONVERSION = YES;
				CLANG_WARN_OBJC_IMPLICIT_RETAIN_SELF = YES;
				CLANG_WARN_OBJC_LITERAL_CONVERSION = YES;
				CLANG_WARN_OBJC_ROOT_CLASS = YES_ERROR;
				CLANG_WARN_QUOTED_INCLUDE_IN_FRAMEWORK_HEADER = YES;
				CLANG_WARN_RANGE_LOOP_ANALYSIS = YES;
				CLANG_WARN_STRICT_PROTOTYPES = YES;
				CLANG_WARN_SUSPICIOUS_MOVE = YES;
				CLANG_WARN_UNGUARDED_AVAILABILITY = YES_AGGRESSIVE;
				CLANG_WARN_UNREACHABLE_CODE = YES;
				CLANG_WARN__DUPLICATE_METHOD_MATCH = YES;
				COPY_PHASE_STRIP = NO;
				DEBUG_INFORMATION_FORMAT = dwarf;
				ENABLE_STRICT_OBJC_MSGSEND = YES;
				ENABLE_TESTABILITY = YES;
				GCC_C_LANGUAGE_STANDARD = gnu11;
				GCC_DYNAMIC_NO_PIC = NO;
				GCC_NO_COMMON_BLOCKS = YES;
				GCC_OPTIMIZATION_LEVEL = 0;
				GCC_PREPROCESSOR_DEFINITIONS = (
					"DEBUG=1",
					"$(inherited)",
				);
				GCC_WARN_64_TO_32_BIT_CONVERSION = YES;
				GCC_WARN_ABOUT_RETURN_TYPE = YES_ERROR;
				GCC_WARN_UNDECLARED_SELECTOR = YES;
				GCC_WARN_UNINITIALIZED_AUTOS = YES_AGGRESSIVE;
				GCC_WARN_UNUSED_FUNCTION = YES;
				GCC_WARN_UNUSED_VARIABLE = YES;
				IPHONEOS_DEPLOYMENT_TARGET = 15.2;
				MTL_ENABLE_DEBUG_INFO = INCLUDE_SOURCE;
				MTL_FAST_MATH = YES;
				ONLY_ACTIVE_ARCH = YES;
				SDKROOT = iphoneos;
				SWIFT_ACTIVE_COMPILATION_CONDITIONS = DEBUG;
				SWIFT_OPTIMIZATION_LEVEL = "-Onone";
			};
			name = Debug;
		};
		98CFB26E27A82CEC00D4437F /* Release */ = {
			isa = XCBuildConfiguration;
			buildSettings = {
				ALWAYS_SEARCH_USER_PATHS = NO;
				CLANG_ANALYZER_NONNULL = YES;
				CLANG_ANALYZER_NUMBER_OBJECT_CONVERSION = YES_AGGRESSIVE;
				CLANG_CXX_LANGUAGE_STANDARD = "gnu++17";
				CLANG_CXX_LIBRARY = "libc++";
				CLANG_ENABLE_MODULES = YES;
				CLANG_ENABLE_OBJC_ARC = YES;
				CLANG_ENABLE_OBJC_WEAK = YES;
				CLANG_WARN_BLOCK_CAPTURE_AUTORELEASING = YES;
				CLANG_WARN_BOOL_CONVERSION = YES;
				CLANG_WARN_COMMA = YES;
				CLANG_WARN_CONSTANT_CONVERSION = YES;
				CLANG_WARN_DEPRECATED_OBJC_IMPLEMENTATIONS = YES;
				CLANG_WARN_DIRECT_OBJC_ISA_USAGE = YES_ERROR;
				CLANG_WARN_DOCUMENTATION_COMMENTS = YES;
				CLANG_WARN_EMPTY_BODY = YES;
				CLANG_WARN_ENUM_CONVERSION = YES;
				CLANG_WARN_INFINITE_RECURSION = YES;
				CLANG_WARN_INT_CONVERSION = YES;
				CLANG_WARN_NON_LITERAL_NULL_CONVERSION = YES;
				CLANG_WARN_OBJC_IMPLICIT_RETAIN_SELF = YES;
				CLANG_WARN_OBJC_LITERAL_CONVERSION = YES;
				CLANG_WARN_OBJC_ROOT_CLASS = YES_ERROR;
				CLANG_WARN_QUOTED_INCLUDE_IN_FRAMEWORK_HEADER = YES;
				CLANG_WARN_RANGE_LOOP_ANALYSIS = YES;
				CLANG_WARN_STRICT_PROTOTYPES = YES;
				CLANG_WARN_SUSPICIOUS_MOVE = YES;
				CLANG_WARN_UNGUARDED_AVAILABILITY = YES_AGGRESSIVE;
				CLANG_WARN_UNREACHABLE_CODE = YES;
				CLANG_WARN__DUPLICATE_METHOD_MATCH = YES;
				COPY_PHASE_STRIP = NO;
				DEBUG_INFORMATION_FORMAT = "dwarf-with-dsym";
				ENABLE_NS_ASSERTIONS = NO;
				ENABLE_STRICT_OBJC_MSGSEND = YES;
				GCC_C_LANGUAGE_STANDARD = gnu11;
				GCC_NO_COMMON_BLOCKS = YES;
				GCC_WARN_64_TO_32_BIT_CONVERSION = YES;
				GCC_WARN_ABOUT_RETURN_TYPE = YES_ERROR;
				GCC_WARN_UNDECLARED_SELECTOR = YES;
				GCC_WARN_UNINITIALIZED_AUTOS = YES_AGGRESSIVE;
				GCC_WARN_UNUSED_FUNCTION = YES;
				GCC_WARN_UNUSED_VARIABLE = YES;
				IPHONEOS_DEPLOYMENT_TARGET = 15.2;
				MTL_ENABLE_DEBUG_INFO = NO;
				MTL_FAST_MATH = YES;
				SDKROOT = iphoneos;
				SWIFT_COMPILATION_MODE = wholemodule;
				SWIFT_OPTIMIZATION_LEVEL = "-O";
				VALIDATE_PRODUCT = YES;
			};
			name = Release;
		};
		98CFB27027A82CEC00D4437F /* Debug */ = {
			isa = XCBuildConfiguration;
			baseConfigurationReference = 1274E4A1A53AF0A225DD847D /* Pods-FullScreenCamera_self.debug.xcconfig */;
			buildSettings = {
				ASSETCATALOG_COMPILER_APPICON_NAME = AppIcon;
				ASSETCATALOG_COMPILER_GLOBAL_ACCENT_COLOR_NAME = AccentColor;
				CODE_SIGN_STYLE = Automatic;
				CURRENT_PROJECT_VERSION = 1;
				DEVELOPMENT_TEAM = PN5JFN8NYT;
				GENERATE_INFOPLIST_FILE = YES;
				INFOPLIST_FILE = FullScreenCamera_self/Info.plist;
				INFOPLIST_KEY_UIApplicationSupportsIndirectInputEvents = YES;
				INFOPLIST_KEY_UILaunchStoryboardName = LaunchScreen;
				INFOPLIST_KEY_UIMainStoryboardFile = Main;
				INFOPLIST_KEY_UISupportedInterfaceOrientations_iPad = "UIInterfaceOrientationPortrait UIInterfaceOrientationPortraitUpsideDown UIInterfaceOrientationLandscapeLeft UIInterfaceOrientationLandscapeRight";
				INFOPLIST_KEY_UISupportedInterfaceOrientations_iPhone = "UIInterfaceOrientationPortrait UIInterfaceOrientationLandscapeLeft UIInterfaceOrientationLandscapeRight";
				LD_RUNPATH_SEARCH_PATHS = (
					"$(inherited)",
					"@executable_path/Frameworks",
				);
				MARKETING_VERSION = 1.0;
				PRODUCT_BUNDLE_IDENTIFIER = "yoonjong.FullScreenCamera-self";
				PRODUCT_NAME = "$(TARGET_NAME)";
				SWIFT_EMIT_LOC_STRINGS = YES;
				SWIFT_VERSION = 5.0;
				TARGETED_DEVICE_FAMILY = "1,2";
			};
			name = Debug;
		};
		98CFB27127A82CEC00D4437F /* Release */ = {
			isa = XCBuildConfiguration;
			baseConfigurationReference = 2A55EC03C1760877CCE72628 /* Pods-FullScreenCamera_self.release.xcconfig */;
			buildSettings = {
				ASSETCATALOG_COMPILER_APPICON_NAME = AppIcon;
				ASSETCATALOG_COMPILER_GLOBAL_ACCENT_COLOR_NAME = AccentColor;
				CODE_SIGN_STYLE = Automatic;
				CURRENT_PROJECT_VERSION = 1;
				DEVELOPMENT_TEAM = PN5JFN8NYT;
				GENERATE_INFOPLIST_FILE = YES;
				INFOPLIST_FILE = FullScreenCamera_self/Info.plist;
				INFOPLIST_KEY_UIApplicationSupportsIndirectInputEvents = YES;
				INFOPLIST_KEY_UILaunchStoryboardName = LaunchScreen;
				INFOPLIST_KEY_UIMainStoryboardFile = Main;
				INFOPLIST_KEY_UISupportedInterfaceOrientations_iPad = "UIInterfaceOrientationPortrait UIInterfaceOrientationPortraitUpsideDown UIInterfaceOrientationLandscapeLeft UIInterfaceOrientationLandscapeRight";
				INFOPLIST_KEY_UISupportedInterfaceOrientations_iPhone = "UIInterfaceOrientationPortrait UIInterfaceOrientationLandscapeLeft UIInterfaceOrientationLandscapeRight";
				LD_RUNPATH_SEARCH_PATHS = (
					"$(inherited)",
					"@executable_path/Frameworks",
				);
				MARKETING_VERSION = 1.0;
				PRODUCT_BUNDLE_IDENTIFIER = "yoonjong.FullScreenCamera-self";
				PRODUCT_NAME = "$(TARGET_NAME)";
				SWIFT_EMIT_LOC_STRINGS = YES;
				SWIFT_VERSION = 5.0;
				TARGETED_DEVICE_FAMILY = "1,2";
			};
			name = Release;
		};
/* End XCBuildConfiguration section */

/* Begin XCConfigurationList section */
		98CFB25627A82CEA00D4437F /* Build configuration list for PBXProject "FullScreenCamera_self" */ = {
			isa = XCConfigurationList;
			buildConfigurations = (
				98CFB26D27A82CEC00D4437F /* Debug */,
				98CFB26E27A82CEC00D4437F /* Release */,
			);
			defaultConfigurationIsVisible = 0;
			defaultConfigurationName = Release;
		};
		98CFB26F27A82CEC00D4437F /* Build configuration list for PBXNativeTarget "FullScreenCamera_self" */ = {
			isa = XCConfigurationList;
			buildConfigurations = (
				98CFB27027A82CEC00D4437F /* Debug */,
				98CFB27127A82CEC00D4437F /* Release */,
			);
			defaultConfigurationIsVisible = 0;
			defaultConfigurationName = Release;
		};
/* End XCConfigurationList section */
	};
	rootObject = 98CFB25327A82CEA00D4437F /* Project object */;
}
